
Microsoft Visual Studio Solution File, Format Version 12.00
# Visual Studio Version 17
VisualStudioVersion = 17.8.34316.72
MinimumVisualStudioVersion = 10.0.40219.1
Project("{FAE04EC0-301F-11D3-BF4B-00C04F79EFBC}") = "AcademiaPanel2", "AcademiaPanel2.csproj", "{2ABC3886-2133-4FA0-9179-CB97C0410259}"
EndProject
Global
	GlobalSection(SolutionConfigurationPlatforms) = preSolution
		Debug|Any CPU = Debug|Any CPU
		Release|Any CPU = Release|Any CPU
	EndGlobalSection
	GlobalSection(ProjectConfigurationPlatforms) = postSolution
		{2ABC3886-2133-4FA0-9179-CB97C0410259}.Debug|Any CPU.ActiveCfg = Debug|Any CPU
		{2ABC3886-2133-4FA0-9179-CB97C0410259}.Debug|Any CPU.Build.0 = Debug|Any CPU
		{2ABC3886-2133-4FA0-9179-CB97C0410259}.Release|Any CPU.ActiveCfg = Release|Any CPU
		{2ABC3886-2133-4FA0-9179-CB97C0410259}.Release|Any CPU.Build.0 = Release|Any CPU
	EndGlobalSection
	GlobalSection(SolutionProperties) = preSolution
		HideSolutionNode = FALSE
	EndGlobalSection
	GlobalSection(ExtensibilityGlobals) = postSolution
		SolutionGuid = {2D135D18-9C16-492A-BBE0-08575CE99201}
	EndGlobalSection
EndGlobal
